
Microsoft Visual Studio Solution File, Format Version 12.00
# Visual Studio Version 17
VisualStudioVersion = 17.11.35327.3
MinimumVisualStudioVersion = 10.0.40219.1
Project("{FAE04EC0-301F-11D3-BF4B-00C04F79EFBC}") = "ExcelToHtmlConverter", "ExcelToHtmlConverter.csproj", "{4FA0CF35-0542-41AD-89DC-6DAEA91DBD6B}"
EndProject
Global
	GlobalSection(SolutionConfigurationPlatforms) = preSolution
		Debug|Any CPU = Debug|Any CPU
		Release|Any CPU = Release|Any CPU
	EndGlobalSection
	GlobalSection(ProjectConfigurationPlatforms) = postSolution
		{4FA0CF35-0542-41AD-89DC-6DAEA91DBD6B}.Debug|Any CPU.ActiveCfg = Debug|Any CPU
		{4FA0CF35-0542-41AD-89DC-6DAEA91DBD6B}.Debug|Any CPU.Build.0 = Debug|Any CPU
		{4FA0CF35-0542-41AD-89DC-6DAEA91DBD6B}.Release|Any CPU.ActiveCfg = Release|Any CPU
		{4FA0CF35-0542-41AD-89DC-6DAEA91DBD6B}.Release|Any CPU.Build.0 = Release|Any CPU
	EndGlobalSection
	GlobalSection(SolutionProperties) = preSolution
		HideSolutionNode = FALSE
	EndGlobalSection
	GlobalSection(ExtensibilityGlobals) = postSolution
		SolutionGuid = {4F04432B-661F-42AC-903E-24D7F053CB84}
	EndGlobalSection
EndGlobal
